// !$*UTF8*$!
{
	archiveVersion = 1;
	classes = {
	};
	objectVersion = 56;
	objects = {

/* Begin PBXBuildFile section */
		4C14C8B72A8298C3007AD816 /* coinsAppApp.swift in Sources */ = {isa = PBXBuildFile; fileRef = 4C14C8B62A8298C3007AD816 /* coinsAppApp.swift */; };
		4C14C8B92A8298C3007AD816 /* ContentView.swift in Sources */ = {isa = PBXBuildFile; fileRef = 4C14C8B82A8298C3007AD816 /* ContentView.swift */; };
		4C14C8BB2A8298C4007AD816 /* Assets.xcassets in Resources */ = {isa = PBXBuildFile; fileRef = 4C14C8BA2A8298C4007AD816 /* Assets.xcassets */; };
		4C14C8BE2A8298C4007AD816 /* Preview Assets.xcassets in Resources */ = {isa = PBXBuildFile; fileRef = 4C14C8BD2A8298C4007AD816 /* Preview Assets.xcassets */; };
		4C14C8C82A8298C4007AD816 /* coinsAppTests.swift in Sources */ = {isa = PBXBuildFile; fileRef = 4C14C8C72A8298C4007AD816 /* coinsAppTests.swift */; };
		4C14C8D22A8298C4007AD816 /* coinsAppUITests.swift in Sources */ = {isa = PBXBuildFile; fileRef = 4C14C8D12A8298C4007AD816 /* coinsAppUITests.swift */; };
		4C14C8D42A8298C4007AD816 /* coinsAppUITestsLaunchTests.swift in Sources */ = {isa = PBXBuildFile; fileRef = 4C14C8D32A8298C4007AD816 /* coinsAppUITestsLaunchTests.swift */; };
		4C14C8E62A829987007AD816 /* ContentViewModel.swift in Sources */ = {isa = PBXBuildFile; fileRef = 4C14C8E52A829987007AD816 /* ContentViewModel.swift */; };
		4C14C8E82A82A797007AD816 /* Coin.swift in Sources */ = {isa = PBXBuildFile; fileRef = 4C14C8E72A82A797007AD816 /* Coin.swift */; };
		4C14C8EA2A82ABE3007AD816 /* CoinError.swift in Sources */ = {isa = PBXBuildFile; fileRef = 4C14C8E92A82ABE3007AD816 /* CoinError.swift */; };
		4C14C8EC2A82AD65007AD816 /* CoinRowView.swift in Sources */ = {isa = PBXBuildFile; fileRef = 4C14C8EB2A82AD65007AD816 /* CoinRowView.swift */; };
/* End PBXBuildFile section */

/* Begin PBXContainerItemProxy section */
		4C14C8C42A8298C4007AD816 /* PBXContainerItemProxy */ = {
			isa = PBXContainerItemProxy;
			containerPortal = 4C14C8AB2A8298C3007AD816 /* Project object */;
			proxyType = 1;
			remoteGlobalIDString = 4C14C8B22A8298C3007AD816;
			remoteInfo = coinsApp;
		};
		4C14C8CE2A8298C4007AD816 /* PBXContainerItemProxy */ = {
			isa = PBXContainerItemProxy;
			containerPortal = 4C14C8AB2A8298C3007AD816 /* Project object */;
			proxyType = 1;
			remoteGlobalIDString = 4C14C8B22A8298C3007AD816;
			remoteInfo = coinsApp;
		};
/* End PBXContainerItemProxy section */

/* Begin PBXFileReference section */
		4C14C8B32A8298C3007AD816 /* coinsApp.app */ = {isa = PBXFileReference; explicitFileType = wrapper.application; includeInIndex = 0; path = coinsApp.app; sourceTree = BUILT_PRODUCTS_DIR; };
		4C14C8B62A8298C3007AD816 /* coinsAppApp.swift */ = {isa = PBXFileReference; lastKnownFileType = sourcecode.swift; path = coinsAppApp.swift; sourceTree = "<group>"; };
		4C14C8B82A8298C3007AD816 /* ContentView.swift */ = {isa = PBXFileReference; lastKnownFileType = sourcecode.swift; path = ContentView.swift; sourceTree = "<group>"; };
		4C14C8BA2A8298C4007AD816 /* Assets.xcassets */ = {isa = PBXFileReference; lastKnownFileType = folder.assetcatalog; path = Assets.xcassets; sourceTree = "<group>"; };
		4C14C8BD2A8298C4007AD816 /* Preview Assets.xcassets */ = {isa = PBXFileReference; lastKnownFileType = folder.assetcatalog; path = "Preview Assets.xcassets"; sourceTree = "<group>"; };
		4C14C8C32A8298C4007AD816 /* coinsAppTests.xctest */ = {isa = PBXFileReference; explicitFileType = wrapper.cfbundle; includeInIndex = 0; path = coinsAppTests.xctest; sourceTree = BUILT_PRODUCTS_DIR; };
		4C14C8C72A8298C4007AD816 /* coinsAppTests.swift */ = {isa = PBXFileReference; lastKnownFileType = sourcecode.swift; path = coinsAppTests.swift; sourceTree = "<group>"; };
		4C14C8CD2A8298C4007AD816 /* coinsAppUITests.xctest */ = {isa = PBXFileReference; explicitFileType = wrapper.cfbundle; includeInIndex = 0; path = coinsAppUITests.xctest; sourceTree = BUILT_PRODUCTS_DIR; };
		4C14C8D12A8298C4007AD816 /* coinsAppUITests.swift */ = {isa = PBXFileReference; lastKnownFileType = sourcecode.swift; path = coinsAppUITests.swift; sourceTree = "<group>"; };
		4C14C8D32A8298C4007AD816 /* coinsAppUITestsLaunchTests.swift */ = {isa = PBXFileReference; lastKnownFileType = sourcecode.swift; path = coinsAppUITestsLaunchTests.swift; sourceTree = "<group>"; };
		4C14C8E52A829987007AD816 /* ContentViewModel.swift */ = {isa = PBXFileReference; lastKnownFileType = sourcecode.swift; path = ContentViewModel.swift; sourceTree = "<group>"; };
		4C14C8E72A82A797007AD816 /* Coin.swift */ = {isa = PBXFileReference; lastKnownFileType = sourcecode.swift; path = Coin.swift; sourceTree = "<group>"; };
		4C14C8E92A82ABE3007AD816 /* CoinError.swift */ = {isa = PBXFileReference; lastKnownFileType = sourcecode.swift; path = CoinError.swift; sourceTree = "<group>"; };
		4C14C8EB2A82AD65007AD816 /* CoinRowView.swift */ = {isa = PBXFileReference; lastKnownFileType = sourcecode.swift; path = CoinRowView.swift; sourceTree = "<group>"; };
/* End PBXFileReference section */

/* Begin PBXFrameworksBuildPhase section */
		4C14C8B02A8298C3007AD816 /* Frameworks */ = {
			isa = PBXFrameworksBuildPhase;
			buildActionMask = 2147483647;
			files = (
			);
			runOnlyForDeploymentPostprocessing = 0;
		};
		4C14C8C02A8298C4007AD816 /* Frameworks */ = {
			isa = PBXFrameworksBuildPhase;
			buildActionMask = 2147483647;
			files = (
			);
			runOnlyForDeploymentPostprocessing = 0;
		};
		4C14C8CA2A8298C4007AD816 /* Frameworks */ = {
			isa = PBXFrameworksBuildPhase;
			buildActionMask = 2147483647;
			files = (
			);
			runOnlyForDeploymentPostprocessing = 0;
		};
/* End PBXFrameworksBuildPhase section */

/* Begin PBXGroup section */
		4C14C8AA2A8298C3007AD816 = {
			isa = PBXGroup;
			children = (
				4C14C8B52A8298C3007AD816 /* coinsApp */,
				4C14C8C62A8298C4007AD816 /* coinsAppTests */,
				4C14C8D02A8298C4007AD816 /* coinsAppUITests */,
				4C14C8B42A8298C3007AD816 /* Products */,
			);
			sourceTree = "<group>";
		};
		4C14C8B42A8298C3007AD816 /* Products */ = {
			isa = PBXGroup;
			children = (
				4C14C8B32A8298C3007AD816 /* coinsApp.app */,
				4C14C8C32A8298C4007AD816 /* coinsAppTests.xctest */,
				4C14C8CD2A8298C4007AD816 /* coinsAppUITests.xctest */,
			);
			name = Products;
			sourceTree = "<group>";
		};
		4C14C8B52A8298C3007AD816 /* coinsApp */ = {
			isa = PBXGroup;
			children = (
				4C14C8E42A829973007AD816 /* ViewModel */,
				4C14C8E32A82996A007AD816 /* View */,
				4C14C8E22A829964007AD816 /* Model */,
				4C14C8E12A829955007AD816 /* Extensions */,
				4C14C8E02A829949007AD816 /* App */,
				4C14C8B62A8298C3007AD816 /* coinsAppApp.swift */,
				4C14C8BA2A8298C4007AD816 /* Assets.xcassets */,
				4C14C8BC2A8298C4007AD816 /* Preview Content */,
			);
			path = coinsApp;
			sourceTree = "<group>";
		};
		4C14C8BC2A8298C4007AD816 /* Preview Content */ = {
			isa = PBXGroup;
			children = (
				4C14C8BD2A8298C4007AD816 /* Preview Assets.xcassets */,
			);
			path = "Preview Content";
			sourceTree = "<group>";
		};
		4C14C8C62A8298C4007AD816 /* coinsAppTests */ = {
			isa = PBXGroup;
			children = (
				4C14C8C72A8298C4007AD816 /* coinsAppTests.swift */,
			);
			path = coinsAppTests;
			sourceTree = "<group>";
		};
		4C14C8D02A8298C4007AD816 /* coinsAppUITests */ = {
			isa = PBXGroup;
			children = (
				4C14C8D12A8298C4007AD816 /* coinsAppUITests.swift */,
				4C14C8D32A8298C4007AD816 /* coinsAppUITestsLaunchTests.swift */,
			);
			path = coinsAppUITests;
			sourceTree = "<group>";
		};
		4C14C8E02A829949007AD816 /* App */ = {
			isa = PBXGroup;
			children = (
			);
			path = App;
			sourceTree = "<group>";
		};
		4C14C8E12A829955007AD816 /* Extensions */ = {
			isa = PBXGroup;
			children = (
			);
			path = Extensions;
			sourceTree = "<group>";
		};
		4C14C8E22A829964007AD816 /* Model */ = {
			isa = PBXGroup;
			children = (
				4C14C8E72A82A797007AD816 /* Coin.swift */,
				4C14C8E92A82ABE3007AD816 /* CoinError.swift */,
			);
			path = Model;
			sourceTree = "<group>";
		};
		4C14C8E32A82996A007AD816 /* View */ = {
			isa = PBXGroup;
			children = (
				4C14C8B82A8298C3007AD816 /* ContentView.swift */,
				4C14C8EB2A82AD65007AD816 /* CoinRowView.swift */,
			);
			path = View;
			sourceTree = "<group>";
		};
		4C14C8E42A829973007AD816 /* ViewModel */ = {
			isa = PBXGroup;
			children = (
				4C14C8E52A829987007AD816 /* ContentViewModel.swift */,
			);
			path = ViewModel;
			sourceTree = "<group>";
		};
/* End PBXGroup section */

/* Begin PBXNativeTarget section */
		4C14C8B22A8298C3007AD816 /* coinsApp */ = {
			isa = PBXNativeTarget;
			buildConfigurationList = 4C14C8D72A8298C4007AD816 /* Build configuration list for PBXNativeTarget "coinsApp" */;
			buildPhases = (
				4C14C8AF2A8298C3007AD816 /* Sources */,
				4C14C8B02A8298C3007AD816 /* Frameworks */,
				4C14C8B12A8298C3007AD816 /* Resources */,
			);
			buildRules = (
			);
			dependencies = (
			);
			name = coinsApp;
			productName = coinsApp;
			productReference = 4C14C8B32A8298C3007AD816 /* coinsApp.app */;
			productType = "com.apple.product-type.application";
		};
		4C14C8C22A8298C4007AD816 /* coinsAppTests */ = {
			isa = PBXNativeTarget;
			buildConfigurationList = 4C14C8DA2A8298C4007AD816 /* Build configuration list for PBXNativeTarget "coinsAppTests" */;
			buildPhases = (
				4C14C8BF2A8298C4007AD816 /* Sources */,
				4C14C8C02A8298C4007AD816 /* Frameworks */,
				4C14C8C12A8298C4007AD816 /* Resources */,
			);
			buildRules = (
			);
			dependencies = (
				4C14C8C52A8298C4007AD816 /* PBXTargetDependency */,
			);
			name = coinsAppTests;
			productName = coinsAppTests;
			productReference = 4C14C8C32A8298C4007AD816 /* coinsAppTests.xctest */;
			productType = "com.apple.product-type.bundle.unit-test";
		};
		4C14C8CC2A8298C4007AD816 /* coinsAppUITests */ = {
			isa = PBXNativeTarget;
			buildConfigurationList = 4C14C8DD2A8298C4007AD816 /* Build configuration list for PBXNativeTarget "coinsAppUITests" */;
			buildPhases = (
				4C14C8C92A8298C4007AD816 /* Sources */,
				4C14C8CA2A8298C4007AD816 /* Frameworks */,
				4C14C8CB2A8298C4007AD816 /* Resources */,
			);
			buildRules = (
			);
			dependencies = (
				4C14C8CF2A8298C4007AD816 /* PBXTargetDependency */,
			);
			name = coinsAppUITests;
			productName = coinsAppUITests;
			productReference = 4C14C8CD2A8298C4007AD816 /* coinsAppUITests.xctest */;
			productType = "com.apple.product-type.bundle.ui-testing";
		};
/* End PBXNativeTarget section */

/* Begin PBXProject section */
		4C14C8AB2A8298C3007AD816 /* Project object */ = {
			isa = PBXProject;
			attributes = {
				BuildIndependentTargetsInParallel = 1;
				LastSwiftUpdateCheck = 1430;
				LastUpgradeCheck = 1430;
				TargetAttributes = {
					4C14C8B22A8298C3007AD816 = {
						CreatedOnToolsVersion = 14.3.1;
					};
					4C14C8C22A8298C4007AD816 = {
						CreatedOnToolsVersion = 14.3.1;
						TestTargetID = 4C14C8B22A8298C3007AD816;
					};
					4C14C8CC2A8298C4007AD816 = {
						CreatedOnToolsVersion = 14.3.1;
						TestTargetID = 4C14C8B22A8298C3007AD816;
					};
				};
			};
			buildConfigurationList = 4C14C8AE2A8298C3007AD816 /* Build configuration list for PBXProject "coinsApp" */;
			compatibilityVersion = "Xcode 14.0";
			developmentRegion = en;
			hasScannedForEncodings = 0;
			knownRegions = (
				en,
				Base,
			);
			mainGroup = 4C14C8AA2A8298C3007AD816;
			productRefGroup = 4C14C8B42A8298C3007AD816 /* Products */;
			projectDirPath = "";
			projectRoot = "";
			targets = (
				4C14C8B22A8298C3007AD816 /* coinsApp */,
				4C14C8C22A8298C4007AD816 /* coinsAppTests */,
				4C14C8CC2A8298C4007AD816 /* coinsAppUITests */,
			);
		};
/* End PBXProject section */

/* Begin PBXResourcesBuildPhase section */
		4C14C8B12A8298C3007AD816 /* Resources */ = {
			isa = PBXResourcesBuildPhase;
			buildActionMask = 2147483647;
			files = (
				4C14C8BE2A8298C4007AD816 /* Preview Assets.xcassets in Resources */,
				4C14C8BB2A8298C4007AD816 /* Assets.xcassets in Resources */,
			);
			runOnlyForDeploymentPostprocessing = 0;
		};
		4C14C8C12A8298C4007AD816 /* Resources */ = {
			isa = PBXResourcesBuildPhase;
			buildActionMask = 2147483647;
			files = (
			);
			runOnlyForDeploymentPostprocessing = 0;
		};
		4C14C8CB2A8298C4007AD816 /* Resources */ = {
			isa = PBXResourcesBuildPhase;
			buildActionMask = 2147483647;
			files = (
			);
			runOnlyForDeploymentPostprocessing = 0;
		};
/* End PBXResourcesBuildPhase section */

/* Begin PBXSourcesBuildPhase section */
		4C14C8AF2A8298C3007AD816 /* Sources */ = {
			isa = PBXSourcesBuildPhase;
			buildActionMask = 2147483647;
			files = (
				4C14C8EA2A82ABE3007AD816 /* CoinError.swift in Sources */,
				4C14C8B92A8298C3007AD816 /* ContentView.swift in Sources */,
				4C14C8B72A8298C3007AD816 /* coinsAppApp.swift in Sources */,
				4C14C8EC2A82AD65007AD816 /* CoinRowView.swift in Sources */,
				4C14C8E82A82A797007AD816 /* Coin.swift in Sources */,
				4C14C8E62A829987007AD816 /* ContentViewModel.swift in Sources */,
			);
			runOnlyForDeploymentPostprocessing = 0;
		};
		4C14C8BF2A8298C4007AD816 /* Sources */ = {
			isa = PBXSourcesBuildPhase;
			buildActionMask = 2147483647;
			files = (
				4C14C8C82A8298C4007AD816 /* coinsAppTests.swift in Sources */,
			);
			runOnlyForDeploymentPostprocessing = 0;
		};
		4C14C8C92A8298C4007AD816 /* Sources */ = {
			isa = PBXSourcesBuildPhase;
			buildActionMask = 2147483647;
			files = (
				4C14C8D42A8298C4007AD816 /* coinsAppUITestsLaunchTests.swift in Sources */,
				4C14C8D22A8298C4007AD816 /* coinsAppUITests.swift in Sources */,
			);
			runOnlyForDeploymentPostprocessing = 0;
		};
/* End PBXSourcesBuildPhase section */

/* Begin PBXTargetDependency section */
		4C14C8C52A8298C4007AD816 /* PBXTargetDependency */ = {
			isa = PBXTargetDependency;
			target = 4C14C8B22A8298C3007AD816 /* coinsApp */;
			targetProxy = 4C14C8C42A8298C4007AD816 /* PBXContainerItemProxy */;
		};
		4C14C8CF2A8298C4007AD816 /* PBXTargetDependency */ = {
			isa = PBXTargetDependency;
			target = 4C14C8B22A8298C3007AD816 /* coinsApp */;
			targetProxy = 4C14C8CE2A8298C4007AD816 /* PBXContainerItemProxy */;
		};
/* End PBXTargetDependency section */

/* Begin XCBuildConfiguration section */
		4C14C8D52A8298C4007AD816 /* Debug */ = {
			isa = XCBuildConfiguration;
			buildSettings = {
				ALWAYS_SEARCH_USER_PATHS = NO;
				CLANG_ANALYZER_NONNULL = YES;
				CLANG_ANALYZER_NUMBER_OBJECT_CONVERSION = YES_AGGRESSIVE;
				CLANG_CXX_LANGUAGE_STANDARD = "gnu++20";
				CLANG_ENABLE_MODULES = YES;
				CLANG_ENABLE_OBJC_ARC = YES;
				CLANG_ENABLE_OBJC_WEAK = YES;
				CLANG_WARN_BLOCK_CAPTURE_AUTORELEASING = YES;
				CLANG_WARN_BOOL_CONVERSION = YES;
				CLANG_WARN_COMMA = YES;
				CLANG_WARN_CONSTANT_CONVERSION = YES;
				CLANG_WARN_DEPRECATED_OBJC_IMPLEMENTATIONS = YES;
				CLANG_WARN_DIRECT_OBJC_ISA_USAGE = YES_ERROR;
				CLANG_WARN_DOCUMENTATION_COMMENTS = YES;
				CLANG_WARN_EMPTY_BODY = YES;
				CLANG_WARN_ENUM_CONVERSION = YES;
				CLANG_WARN_INFINITE_RECURSION = YES;
				CLANG_WARN_INT_CONVERSION = YES;
				CLANG_WARN_NON_LITERAL_NULL_CONVERSION = YES;
				CLANG_WARN_OBJC_IMPLICIT_RETAIN_SELF = YES;
				CLANG_WARN_OBJC_LITERAL_CONVERSION = YES;
				CLANG_WARN_OBJC_ROOT_CLASS = YES_ERROR;
				CLANG_WARN_QUOTED_INCLUDE_IN_FRAMEWORK_HEADER = YES;
				CLANG_WARN_RANGE_LOOP_ANALYSIS = YES;
				CLANG_WARN_STRICT_PROTOTYPES = YES;
				CLANG_WARN_SUSPICIOUS_MOVE = YES;
				CLANG_WARN_UNGUARDED_AVAILABILITY = YES_AGGRESSIVE;
				CLANG_WARN_UNREACHABLE_CODE = YES;
				CLANG_WARN__DUPLICATE_METHOD_MATCH = YES;
				COPY_PHASE_STRIP = NO;
				DEBUG_INFORMATION_FORMAT = dwarf;
				ENABLE_STRICT_OBJC_MSGSEND = YES;
				ENABLE_TESTABILITY = YES;
				GCC_C_LANGUAGE_STANDARD = gnu11;
				GCC_DYNAMIC_NO_PIC = NO;
				GCC_NO_COMMON_BLOCKS = YES;
				GCC_OPTIMIZATION_LEVEL = 0;
				GCC_PREPROCESSOR_DEFINITIONS = (
					"DEBUG=1",
					"$(inherited)",
				);
				GCC_WARN_64_TO_32_BIT_CONVERSION = YES;
				GCC_WARN_ABOUT_RETURN_TYPE = YES_ERROR;
				GCC_WARN_UNDECLARED_SELECTOR = YES;
				GCC_WARN_UNINITIALIZED_AUTOS = YES_AGGRESSIVE;
				GCC_WARN_UNUSED_FUNCTION = YES;
				GCC_WARN_UNUSED_VARIABLE = YES;
				IPHONEOS_DEPLOYMENT_TARGET = 16.4;
				MTL_ENABLE_DEBUG_INFO = INCLUDE_SOURCE;
				MTL_FAST_MATH = YES;
				ONLY_ACTIVE_ARCH = YES;
				SDKROOT = iphoneos;
				SWIFT_ACTIVE_COMPILATION_CONDITIONS = DEBUG;
				SWIFT_OPTIMIZATION_LEVEL = "-Onone";
			};
			name = Debug;
		};
		4C14C8D62A8298C4007AD816 /* Release */ = {
			isa = XCBuildConfiguration;
			buildSettings = {
				ALWAYS_SEARCH_USER_PATHS = NO;
				CLANG_ANALYZER_NONNULL = YES;
				CLANG_ANALYZER_NUMBER_OBJECT_CONVERSION = YES_AGGRESSIVE;
				CLANG_CXX_LANGUAGE_STANDARD = "gnu++20";
				CLANG_ENABLE_MODULES = YES;
				CLANG_ENABLE_OBJC_ARC = YES;
				CLANG_ENABLE_OBJC_WEAK = YES;
				CLANG_WARN_BLOCK_CAPTURE_AUTORELEASING = YES;
				CLANG_WARN_BOOL_CONVERSION = YES;
				CLANG_WARN_COMMA = YES;
				CLANG_WARN_CONSTANT_CONVERSION = YES;
				CLANG_WARN_DEPRECATED_OBJC_IMPLEMENTATIONS = YES;
				CLANG_WARN_DIRECT_OBJC_ISA_USAGE = YES_ERROR;
				CLANG_WARN_DOCUMENTATION_COMMENTS = YES;
				CLANG_WARN_EMPTY_BODY = YES;
				CLANG_WARN_ENUM_CONVERSION = YES;
				CLANG_WARN_INFINITE_RECURSION = YES;
				CLANG_WARN_INT_CONVERSION = YES;
				CLANG_WARN_NON_LITERAL_NULL_CONVERSION = YES;
				CLANG_WARN_OBJC_IMPLICIT_RETAIN_SELF = YES;
				CLANG_WARN_OBJC_LITERAL_CONVERSION = YES;
				CLANG_WARN_OBJC_ROOT_CLASS = YES_ERROR;
				CLANG_WARN_QUOTED_INCLUDE_IN_FRAMEWORK_HEADER = YES;
				CLANG_WARN_RANGE_LOOP_ANALYSIS = YES;
				CLANG_WARN_STRICT_PROTOTYPES = YES;
				CLANG_WARN_SUSPICIOUS_MOVE = YES;
				CLANG_WARN_UNGUARDED_AVAILABILITY = YES_AGGRESSIVE;
				CLANG_WARN_UNREACHABLE_CODE = YES;
				CLANG_WARN__DUPLICATE_METHOD_MATCH = YES;
				COPY_PHASE_STRIP = NO;
				DEBUG_INFORMATION_FORMAT = "dwarf-with-dsym";
				ENABLE_NS_ASSERTIONS = NO;
				ENABLE_STRICT_OBJC_MSGSEND = YES;
				GCC_C_LANGUAGE_STANDARD = gnu11;
				GCC_NO_COMMON_BLOCKS = YES;
				GCC_WARN_64_TO_32_BIT_CONVERSION = YES;
				GCC_WARN_ABOUT_RETURN_TYPE = YES_ERROR;
				GCC_WARN_UNDECLARED_SELECTOR = YES;
				GCC_WARN_UNINITIALIZED_AUTOS = YES_AGGRESSIVE;
				GCC_WARN_UNUSED_FUNCTION = YES;
				GCC_WARN_UNUSED_VARIABLE = YES;
				IPHONEOS_DEPLOYMENT_TARGET = 16.4;
				MTL_ENABLE_DEBUG_INFO = NO;
				MTL_FAST_MATH = YES;
				SDKROOT = iphoneos;
				SWIFT_COMPILATION_MODE = wholemodule;
				SWIFT_OPTIMIZATION_LEVEL = "-O";
				VALIDATE_PRODUCT = YES;
			};
			name = Release;
		};
		4C14C8D82A8298C4007AD816 /* Debug */ = {
			isa = XCBuildConfiguration;
			buildSettings = {
				ASSETCATALOG_COMPILER_APPICON_NAME = AppIcon;
				ASSETCATALOG_COMPILER_GLOBAL_ACCENT_COLOR_NAME = AccentColor;
				CODE_SIGN_STYLE = Automatic;
				CURRENT_PROJECT_VERSION = 1;
				DEVELOPMENT_ASSET_PATHS = "\"coinsApp/Preview Content\"";
				ENABLE_PREVIEWS = YES;
				GENERATE_INFOPLIST_FILE = YES;
				INFOPLIST_KEY_UIApplicationSceneManifest_Generation = YES;
				INFOPLIST_KEY_UIApplicationSupportsIndirectInputEvents = YES;
				INFOPLIST_KEY_UILaunchScreen_Generation = YES;
				INFOPLIST_KEY_UISupportedInterfaceOrientations_iPad = "UIInterfaceOrientationPortrait UIInterfaceOrientationPortraitUpsideDown UIInterfaceOrientationLandscapeLeft UIInterfaceOrientationLandscapeRight";
				INFOPLIST_KEY_UISupportedInterfaceOrientations_iPhone = "UIInterfaceOrientationPortrait UIInterfaceOrientationLandscapeLeft UIInterfaceOrientationLandscapeRight";
				IPHONEOS_DEPLOYMENT_TARGET = 16.0;
				LD_RUNPATH_SEARCH_PATHS = (
					"$(inherited)",
					"@executable_path/Frameworks",
				);
				MARKETING_VERSION = 1.0;
				PRODUCT_BUNDLE_IDENTIFIER = emami.coinsApp;
				PRODUCT_NAME = "$(TARGET_NAME)";
				SWIFT_EMIT_LOC_STRINGS = YES;
				SWIFT_VERSION = 5.0;
				TARGETED_DEVICE_FAMILY = "1,2";
			};
			name = Debug;
		};
		4C14C8D92A8298C4007AD816 /* Release */ = {
			isa = XCBuildConfiguration;
			buildSettings = {
				ASSETCATALOG_COMPILER_APPICON_NAME = AppIcon;
				ASSETCATALOG_COMPILER_GLOBAL_ACCENT_COLOR_NAME = AccentColor;
				CODE_SIGN_STYLE = Automatic;
				CURRENT_PROJECT_VERSION = 1;
				DEVELOPMENT_ASSET_PATHS = "\"coinsApp/Preview Content\"";
				ENABLE_PREVIEWS = YES;
				GENERATE_INFOPLIST_FILE = YES;
				INFOPLIST_KEY_UIApplicationSceneManifest_Generation = YES;
				INFOPLIST_KEY_UIApplicationSupportsIndirectInputEvents = YES;
				INFOPLIST_KEY_UILaunchScreen_Generation = YES;
				INFOPLIST_KEY_UISupportedInterfaceOrientations_iPad = "UIInterfaceOrientationPortrait UIInterfaceOrientationPortraitUpsideDown UIInterfaceOrientationLandscapeLeft UIInterfaceOrientationLandscapeRight";
				INFOPLIST_KEY_UISupportedInterfaceOrientations_iPhone = "UIInterfaceOrientationPortrait UIInterfaceOrientationLandscapeLeft UIInterfaceOrientationLandscapeRight";
				IPHONEOS_DEPLOYMENT_TARGET = 16.0;
				LD_RUNPATH_SEARCH_PATHS = (
					"$(inherited)",
					"@executable_path/Frameworks",
				);
				MARKETING_VERSION = 1.0;
				PRODUCT_BUNDLE_IDENTIFIER = emami.coinsApp;
				PRODUCT_NAME = "$(TARGET_NAME)";
				SWIFT_EMIT_LOC_STRINGS = YES;
				SWIFT_VERSION = 5.0;
				TARGETED_DEVICE_FAMILY = "1,2";
			};
			name = Release;
		};
		4C14C8DB2A8298C4007AD816 /* Debug */ = {
			isa = XCBuildConfiguration;
			buildSettings = {
				ALWAYS_EMBED_SWIFT_STANDARD_LIBRARIES = YES;
				BUNDLE_LOADER = "$(TEST_HOST)";
				CODE_SIGN_STYLE = Automatic;
				CURRENT_PROJECT_VERSION = 1;
				GENERATE_INFOPLIST_FILE = YES;
				IPHONEOS_DEPLOYMENT_TARGET = 16.4;
				MARKETING_VERSION = 1.0;
				PRODUCT_BUNDLE_IDENTIFIER = emami.coinsAppTests;
				PRODUCT_NAME = "$(TARGET_NAME)";
				SWIFT_EMIT_LOC_STRINGS = NO;
				SWIFT_VERSION = 5.0;
				TARGETED_DEVICE_FAMILY = "1,2";
				TEST_HOST = "$(BUILT_PRODUCTS_DIR)/coinsApp.app/$(BUNDLE_EXECUTABLE_FOLDER_PATH)/coinsApp";
			};
			name = Debug;
		};
		4C14C8DC2A8298C4007AD816 /* Release */ = {
			isa = XCBuildConfiguration;
			buildSettings = {
				ALWAYS_EMBED_SWIFT_STANDARD_LIBRARIES = YES;
				BUNDLE_LOADER = "$(TEST_HOST)";
				CODE_SIGN_STYLE = Automatic;
				CURRENT_PROJECT_VERSION = 1;
				GENERATE_INFOPLIST_FILE = YES;
				IPHONEOS_DEPLOYMENT_TARGET = 16.4;
				MARKETING_VERSION = 1.0;
				PRODUCT_BUNDLE_IDENTIFIER = emami.coinsAppTests;
				PRODUCT_NAME = "$(TARGET_NAME)";
				SWIFT_EMIT_LOC_STRINGS = NO;
				SWIFT_VERSION = 5.0;
				TARGETED_DEVICE_FAMILY = "1,2";
				TEST_HOST = "$(BUILT_PRODUCTS_DIR)/coinsApp.app/$(BUNDLE_EXECUTABLE_FOLDER_PATH)/coinsApp";
			};
			name = Release;
		};
		4C14C8DE2A8298C4007AD816 /* Debug */ = {
			isa = XCBuildConfiguration;
			buildSettings = {
				ALWAYS_EMBED_SWIFT_STANDARD_LIBRARIES = YES;
				CODE_SIGN_STYLE = Automatic;
				CURRENT_PROJECT_VERSION = 1;
				GENERATE_INFOPLIST_FILE = YES;
				MARKETING_VERSION = 1.0;
				PRODUCT_BUNDLE_IDENTIFIER = emami.coinsAppUITests;
				PRODUCT_NAME = "$(TARGET_NAME)";
				SWIFT_EMIT_LOC_STRINGS = NO;
				SWIFT_VERSION = 5.0;
				TARGETED_DEVICE_FAMILY = "1,2";
				TEST_TARGET_NAME = coinsApp;
			};
			name = Debug;
		};
		4C14C8DF2A8298C4007AD816 /* Release */ = {
			isa = XCBuildConfiguration;
			buildSettings = {
				ALWAYS_EMBED_SWIFT_STANDARD_LIBRARIES = YES;
				CODE_SIGN_STYLE = Automatic;
				CURRENT_PROJECT_VERSION = 1;
				GENERATE_INFOPLIST_FILE = YES;
				MARKETING_VERSION = 1.0;
				PRODUCT_BUNDLE_IDENTIFIER = emami.coinsAppUITests;
				PRODUCT_NAME = "$(TARGET_NAME)";
				SWIFT_EMIT_LOC_STRINGS = NO;
				SWIFT_VERSION = 5.0;
				TARGETED_DEVICE_FAMILY = "1,2";
				TEST_TARGET_NAME = coinsApp;
			};
			name = Release;
		};
/* End XCBuildConfiguration section */

/* Begin XCConfigurationList section */
		4C14C8AE2A8298C3007AD816 /* Build configuration list for PBXProject "coinsApp" */ = {
			isa = XCConfigurationList;
			buildConfigurations = (
				4C14C8D52A8298C4007AD816 /* Debug */,
				4C14C8D62A8298C4007AD816 /* Release */,
			);
			defaultConfigurationIsVisible = 0;
			defaultConfigurationName = Release;
		};
		4C14C8D72A8298C4007AD816 /* Build configuration list for PBXNativeTarget "coinsApp" */ = {
			isa = XCConfigurationList;
			buildConfigurations = (
				4C14C8D82A8298C4007AD816 /* Debug */,
				4C14C8D92A8298C4007AD816 /* Release */,
			);
			defaultConfigurationIsVisible = 0;
			defaultConfigurationName = Release;
		};
		4C14C8DA2A8298C4007AD816 /* Build configuration list for PBXNativeTarget "coinsAppTests" */ = {
			isa = XCConfigurationList;
			buildConfigurations = (
				4C14C8DB2A8298C4007AD816 /* Debug */,
				4C14C8DC2A8298C4007AD816 /* Release */,
			);
			defaultConfigurationIsVisible = 0;
			defaultConfigurationName = Release;
		};
		4C14C8DD2A8298C4007AD816 /* Build configuration list for PBXNativeTarget "coinsAppUITests" */ = {
			isa = XCConfigurationList;
			buildConfigurations = (
				4C14C8DE2A8298C4007AD816 /* Debug */,
				4C14C8DF2A8298C4007AD816 /* Release */,
			);
			defaultConfigurationIsVisible = 0;
			defaultConfigurationName = Release;
		};
/* End XCConfigurationList section */
	};
	rootObject = 4C14C8AB2A8298C3007AD816 /* Project object */;
}
